
Microsoft Visual Studio Solution File, Format Version 12.00
# Visual Studio Version 16
VisualStudioVersion = 16.0.809.8
MinimumVisualStudioVersion = 10.0.40219.1
Project("{FAE04EC0-301F-11D3-BF4B-00C04F79EFBC}") = "Binding.Intercom.Android.Base", "Binding.Intercom.Android.Base.csproj", "{F0328075-60C9-4469-8E80-B57B23B17CF0}"
EndProject
Project("{FAE04EC0-301F-11D3-BF4B-00C04F79EFBC}") = "Binding.Intercom.Android.Commons", "..\Binding.Intercom.Android.Commons\Binding.Intercom.Android.Commons.csproj", "{5BF100DC-A5B4-4362-971A-C37D67407F24}"
EndProject
Project("{FAE04EC0-301F-11D3-BF4B-00C04F79EFBC}") = "Binding.Intercom.Android.Composer", "..\Binding.Intercom.Android.Composer\Binding.Intercom.Android.Composer.csproj", "{21FF9919-F661-45AF-BF19-A2679BF55D83}"
EndProject
Project("{FAE04EC0-301F-11D3-BF4B-00C04F79EFBC}") = "Binding.Intercom.Android.Composer.Gallery", "..\Binding.Intercom.Android.Composer.Gallery\Binding.Intercom.Android.Composer.Gallery.csproj", "{94FB123E-87CD-4E5E-AF5D-2384293EE851}"
EndProject
Project("{FAE04EC0-301F-11D3-BF4B-00C04F79EFBC}") = "Binding.Intercom.Android.Fcm", "..\Binding.Intercom.Android.Fcm\Binding.Intercom.Android.Fcm.csproj", "{67ABBA01-23F2-410A-B5C8-45420101F5F6}"
EndProject
Project("{FAE04EC0-301F-11D3-BF4B-00C04F79EFBC}") = "Binding.Intercom.Nexus", "..\Binding.Intercom.Nexus\Binding.Intercom.Nexus.csproj", "{A2BFA327-5FF5-409B-908B-F20F59890588}"
EndProject
Project("{FAE04EC0-301F-11D3-BF4B-00C04F79EFBC}") = "Binding.Intercom.Otto", "..\Binding.Intercom.Otto\Binding.Intercom.Otto.csproj", "{B000E186-59BC-4689-9932-46AF408F502F}"
EndProject
Project("{FAE04EC0-301F-11D3-BF4B-00C04F79EFBC}") = "Binding.Intercom.Retrofit", "..\Binding.Intercom.Retrofit\Binding.Intercom.Retrofit.csproj", "{45F9077A-F782-46C7-8EDE-BDCD1A867422}"
EndProject
Project("{FAE04EC0-301F-11D3-BF4B-00C04F79EFBC}") = "Binding.Intercom.Retrofit.Converter.Gson", "..\Binding.Intercom.Retrofit.Converter.Gson\Binding.Intercom.Retrofit.Converter.Gson.csproj", "{188D3276-B6F2-48AF-9F33-AB5253407A79}"
EndProject
Project("{FAE04EC0-301F-11D3-BF4B-00C04F79EFBC}") = "Binding.Intercom.Twig", "..\Binding.Intercom.Twig\Binding.Intercom.Twig.csproj", "{F3812689-4F71-44EB-928F-4502CAFB0A19}"
EndProject
Global
	GlobalSection(SolutionConfigurationPlatforms) = preSolution
		Debug|Any CPU = Debug|Any CPU
		Release|Any CPU = Release|Any CPU
	EndGlobalSection
	GlobalSection(ProjectConfigurationPlatforms) = postSolution
		{F0328075-60C9-4469-8E80-B57B23B17CF0}.Debug|Any CPU.ActiveCfg = Debug|Any CPU
		{F0328075-60C9-4469-8E80-B57B23B17CF0}.Debug|Any CPU.Build.0 = Debug|Any CPU
		{F0328075-60C9-4469-8E80-B57B23B17CF0}.Release|Any CPU.ActiveCfg = Release|Any CPU
		{F0328075-60C9-4469-8E80-B57B23B17CF0}.Release|Any CPU.Build.0 = Release|Any CPU
		{5BF100DC-A5B4-4362-971A-C37D67407F24}.Debug|Any CPU.ActiveCfg = Debug|Any CPU
		{5BF100DC-A5B4-4362-971A-C37D67407F24}.Debug|Any CPU.Build.0 = Debug|Any CPU
		{5BF100DC-A5B4-4362-971A-C37D67407F24}.Release|Any CPU.ActiveCfg = Release|Any CPU
		{5BF100DC-A5B4-4362-971A-C37D67407F24}.Release|Any CPU.Build.0 = Release|Any CPU
		{21FF9919-F661-45AF-BF19-A2679BF55D83}.Debug|Any CPU.ActiveCfg = Debug|Any CPU
		{21FF9919-F661-45AF-BF19-A2679BF55D83}.Debug|Any CPU.Build.0 = Debug|Any CPU
		{21FF9919-F661-45AF-BF19-A2679BF55D83}.Release|Any CPU.ActiveCfg = Release|Any CPU
		{21FF9919-F661-45AF-BF19-A2679BF55D83}.Release|Any CPU.Build.0 = Release|Any CPU
		{94FB123E-87CD-4E5E-AF5D-2384293EE851}.Debug|Any CPU.ActiveCfg = Debug|Any CPU
		{94FB123E-87CD-4E5E-AF5D-2384293EE851}.Debug|Any CPU.Build.0 = Debug|Any CPU
		{94FB123E-87CD-4E5E-AF5D-2384293EE851}.Release|Any CPU.ActiveCfg = Release|Any CPU
		{94FB123E-87CD-4E5E-AF5D-2384293EE851}.Release|Any CPU.Build.0 = Release|Any CPU
		{67ABBA01-23F2-410A-B5C8-45420101F5F6}.Debug|Any CPU.ActiveCfg = Debug|Any CPU
		{67ABBA01-23F2-410A-B5C8-45420101F5F6}.Debug|Any CPU.Build.0 = Debug|Any CPU
		{67ABBA01-23F2-410A-B5C8-45420101F5F6}.Release|Any CPU.ActiveCfg = Release|Any CPU
		{67ABBA01-23F2-410A-B5C8-45420101F5F6}.Release|Any CPU.Build.0 = Release|Any CPU
		{A2BFA327-5FF5-409B-908B-F20F59890588}.Debug|Any CPU.ActiveCfg = Debug|Any CPU
		{A2BFA327-5FF5-409B-908B-F20F59890588}.Debug|Any CPU.Build.0 = Debug|Any CPU
		{A2BFA327-5FF5-409B-908B-F20F59890588}.Release|Any CPU.ActiveCfg = Release|Any CPU
		{A2BFA327-5FF5-409B-908B-F20F59890588}.Release|Any CPU.Build.0 = Release|Any CPU
		{B000E186-59BC-4689-9932-46AF408F502F}.Debug|Any CPU.ActiveCfg = Debug|Any CPU
		{B000E186-59BC-4689-9932-46AF408F502F}.Debug|Any CPU.Build.0 = Debug|Any CPU
		{B000E186-59BC-4689-9932-46AF408F502F}.Release|Any CPU.ActiveCfg = Release|Any CPU
		{B000E186-59BC-4689-9932-46AF408F502F}.Release|Any CPU.Build.0 = Release|Any CPU
		{45F9077A-F782-46C7-8EDE-BDCD1A867422}.Debug|Any CPU.ActiveCfg = Debug|Any CPU
		{45F9077A-F782-46C7-8EDE-BDCD1A867422}.Debug|Any CPU.Build.0 = Debug|Any CPU
		{45F9077A-F782-46C7-8EDE-BDCD1A867422}.Release|Any CPU.ActiveCfg = Release|Any CPU
		{45F9077A-F782-46C7-8EDE-BDCD1A867422}.Release|Any CPU.Build.0 = Release|Any CPU
		{188D3276-B6F2-48AF-9F33-AB5253407A79}.Debug|Any CPU.ActiveCfg = Debug|Any CPU
		{188D3276-B6F2-48AF-9F33-AB5253407A79}.Debug|Any CPU.Build.0 = Debug|Any CPU
		{188D3276-B6F2-48AF-9F33-AB5253407A79}.Release|Any CPU.ActiveCfg = Release|Any CPU
		{188D3276-B6F2-48AF-9F33-AB5253407A79}.Release|Any CPU.Build.0 = Release|Any CPU
		{F3812689-4F71-44EB-928F-4502CAFB0A19}.Debug|Any CPU.ActiveCfg = Debug|Any CPU
		{F3812689-4F71-44EB-928F-4502CAFB0A19}.Debug|Any CPU.Build.0 = Debug|Any CPU
		{F3812689-4F71-44EB-928F-4502CAFB0A19}.Release|Any CPU.ActiveCfg = Release|Any CPU
		{F3812689-4F71-44EB-928F-4502CAFB0A19}.Release|Any CPU.Build.0 = Release|Any CPU
	EndGlobalSection
	GlobalSection(SolutionProperties) = preSolution
		HideSolutionNode = FALSE
	EndGlobalSection
	GlobalSection(ExtensibilityGlobals) = postSolution
		SolutionGuid = {0ECC6CCE-D82D-495E-AD54-A5413134A894}
	EndGlobalSection
EndGlobal
